
Microsoft Visual Studio Solution File, Format Version 12.00
# Visual Studio Version 17
VisualStudioVersion = 17.8.34525.116
MinimumVisualStudioVersion = 10.0.40219.1
Project("{2150E333-8FDC-42A3-9474-1A3956D46DE8}") = "01.API", "01.API", "{E773D5A9-1419-4A03-BBF8-B3B8EAD9403E}"
EndProject
Project("{2150E333-8FDC-42A3-9474-1A3956D46DE8}") = "02.BUSSNIES", "02.BUSSNIES", "{2F906F88-D2C8-4991-A45E-57F6CC8E3B9E}"
EndProject
Project("{2150E333-8FDC-42A3-9474-1A3956D46DE8}") = "03.SERVICES", "03.SERVICES", "{26019CF3-897B-4404-A6FB-F93B4ECD5D83}"
EndProject
Project("{2150E333-8FDC-42A3-9474-1A3956D46DE8}") = "04.REPOSITORY", "04.REPOSITORY", "{97407630-97AF-4294-B69E-8B30ACBAE636}"
EndProject
Project("{2150E333-8FDC-42A3-9474-1A3956D46DE8}") = "06.UTILITARIOS", "06.UTILITARIOS", "{E2462A35-04BF-4101-879C-D83FFEE13A5C}"
EndProject
Project("{2150E333-8FDC-42A3-9474-1A3956D46DE8}") = "07.GENERACION DE ARCHIVOS", "07.GENERACION DE ARCHIVOS", "{829CC49C-741B-44E9-80BF-9105FED7490E}"
EndProject
Project("{2150E333-8FDC-42A3-9474-1A3956D46DE8}") = "08.ANOTACIONES", "08.ANOTACIONES", "{66956475-5054-43BA-8E7F-B4ED1E2627EF}"
	ProjectSection(SolutionItems) = preProject
		cadena.txt = cadena.txt
	EndProjectSection
EndProject
Project("{2150E333-8FDC-42A3-9474-1A3956D46DE8}") = "05.MODELS", "05.MODELS", "{77252606-C04E-4485-8A50-02FFC8B4E04D}"
EndProject
Project("{9A19103F-16F7-4668-BE54-9A1E7A4F7556}") = "APIWEB", "APIWEB\APIWEB.csproj", "{97C730CD-7D68-4275-8871-7D4F15C5DBF6}"
EndProject
Project("{9A19103F-16F7-4668-BE54-9A1E7A4F7556}") = "IBUSSNIES", "IBUSSNIES\IBUSSNIES.csproj", "{4F7DFBEB-7B84-43B4-B5E7-94B575996ACB}"
EndProject
Project("{9A19103F-16F7-4668-BE54-9A1E7A4F7556}") = "BUSSNIES", "BUSSNIES\BUSSNIES.csproj", "{2D3057B1-1990-44B1-B3AA-6C02D4D65E81}"
EndProject
Project("{9A19103F-16F7-4668-BE54-9A1E7A4F7556}") = "SERVICES", "SERVICES\SERVICES.csproj", "{5507D4C4-03BB-460F-B523-E7B5D091E5C8}"
EndProject
Project("{9A19103F-16F7-4668-BE54-9A1E7A4F7556}") = "ISERVICES", "ISERVICES\ISERVICES.csproj", "{DBD85162-E737-40BC-8416-0B4EA12C393A}"
EndProject
Project("{9A19103F-16F7-4668-BE54-9A1E7A4F7556}") = "IREPOSITORY", "IREPOSITORY\IREPOSITORY.csproj", "{4DC9F068-6F4E-4894-B001-FEE97081A4BD}"
EndProject
Project("{9A19103F-16F7-4668-BE54-9A1E7A4F7556}") = "REPOSITORY", "REPOSITORY\REPOSITORY.csproj", "{E37B4F22-A9E0-4FE5-8B2B-AA172682ED5A}"
EndProject
Project("{9A19103F-16F7-4668-BE54-9A1E7A4F7556}") = "UTILEXCEL", "UTILEXCEL\UTILEXCEL.csproj", "{179CD7F0-92B8-474D-AB93-A2781AAFF034}"
EndProject
Project("{9A19103F-16F7-4668-BE54-9A1E7A4F7556}") = "UTILAUTOMAPPER", "UTILAUTOMAPPER\UTILAUTOMAPPER.csproj", "{CC5654CB-18C7-4B80-B1DB-758D115FFC97}"
EndProject
Project("{9A19103F-16F7-4668-BE54-9A1E7A4F7556}") = "UTILCONSTANS", "UTILCONSTANS\UTILCONSTANS.csproj", "{3C10A78D-B4E9-4CCC-B76E-02951600BE98}"
EndProject
Project("{9A19103F-16F7-4668-BE54-9A1E7A4F7556}") = "UTILINTERFACE", "UTILINTERFACE\UTILINTERFACE.csproj", "{96A4FCDC-68E9-4E95-A556-FF376A457B9F}"
EndProject
Project("{9A19103F-16F7-4668-BE54-9A1E7A4F7556}") = "UTILSECURITY", "UTILSECURITY\UTILSECURITY.csproj", "{972DAB42-1513-4EB6-B889-A1F7A28A6E77}"
EndProject
Project("{9A19103F-16F7-4668-BE54-9A1E7A4F7556}") = "UTILPDF", "UTILPDF\UTILPDF.csproj", "{79F966F2-8B26-4697-AB75-C373981A096B}"
EndProject
Project("{9A19103F-16F7-4668-BE54-9A1E7A4F7556}") = "CommonModel", "CommonModel\CommonModel.csproj", "{9F993BC5-0DD7-4203-8252-C07FB8413F90}"
EndProject
Project("{9A19103F-16F7-4668-BE54-9A1E7A4F7556}") = "EKEKOSDATABASEMODEL", "EKEKOSDATABASEMODEL\EKEKOSDATABASEMODEL.csproj", "{5D943711-D711-41C8-9915-EF0D80654E1D}"
EndProject
Project("{9A19103F-16F7-4668-BE54-9A1E7A4F7556}") = "REQUESTRESPONSEMODEL", "REQUESTRESPONSEMODEL\REQUESTRESPONSEMODEL.csproj", "{1F61FDC6-CD25-45AC-854D-2BAFECCD28F9}"
EndProject
Global
	GlobalSection(SolutionConfigurationPlatforms) = preSolution
		Debug|Any CPU = Debug|Any CPU
		Release|Any CPU = Release|Any CPU
	EndGlobalSection
	GlobalSection(ProjectConfigurationPlatforms) = postSolution
		{97C730CD-7D68-4275-8871-7D4F15C5DBF6}.Debug|Any CPU.ActiveCfg = Debug|Any CPU
		{97C730CD-7D68-4275-8871-7D4F15C5DBF6}.Debug|Any CPU.Build.0 = Debug|Any CPU
		{97C730CD-7D68-4275-8871-7D4F15C5DBF6}.Release|Any CPU.ActiveCfg = Release|Any CPU
		{97C730CD-7D68-4275-8871-7D4F15C5DBF6}.Release|Any CPU.Build.0 = Release|Any CPU
		{4F7DFBEB-7B84-43B4-B5E7-94B575996ACB}.Debug|Any CPU.ActiveCfg = Debug|Any CPU
		{4F7DFBEB-7B84-43B4-B5E7-94B575996ACB}.Debug|Any CPU.Build.0 = Debug|Any CPU
		{4F7DFBEB-7B84-43B4-B5E7-94B575996ACB}.Release|Any CPU.ActiveCfg = Release|Any CPU
		{4F7DFBEB-7B84-43B4-B5E7-94B575996ACB}.Release|Any CPU.Build.0 = Release|Any CPU
		{2D3057B1-1990-44B1-B3AA-6C02D4D65E81}.Debug|Any CPU.ActiveCfg = Debug|Any CPU
		{2D3057B1-1990-44B1-B3AA-6C02D4D65E81}.Debug|Any CPU.Build.0 = Debug|Any CPU
		{2D3057B1-1990-44B1-B3AA-6C02D4D65E81}.Release|Any CPU.ActiveCfg = Release|Any CPU
		{2D3057B1-1990-44B1-B3AA-6C02D4D65E81}.Release|Any CPU.Build.0 = Release|Any CPU
		{5507D4C4-03BB-460F-B523-E7B5D091E5C8}.Debug|Any CPU.ActiveCfg = Debug|Any CPU
		{5507D4C4-03BB-460F-B523-E7B5D091E5C8}.Debug|Any CPU.Build.0 = Debug|Any CPU
		{5507D4C4-03BB-460F-B523-E7B5D091E5C8}.Release|Any CPU.ActiveCfg = Release|Any CPU
		{5507D4C4-03BB-460F-B523-E7B5D091E5C8}.Release|Any CPU.Build.0 = Release|Any CPU
		{DBD85162-E737-40BC-8416-0B4EA12C393A}.Debug|Any CPU.ActiveCfg = Debug|Any CPU
		{DBD85162-E737-40BC-8416-0B4EA12C393A}.Debug|Any CPU.Build.0 = Debug|Any CPU
		{DBD85162-E737-40BC-8416-0B4EA12C393A}.Release|Any CPU.ActiveCfg = Release|Any CPU
		{DBD85162-E737-40BC-8416-0B4EA12C393A}.Release|Any CPU.Build.0 = Release|Any CPU
		{4DC9F068-6F4E-4894-B001-FEE97081A4BD}.Debug|Any CPU.ActiveCfg = Debug|Any CPU
		{4DC9F068-6F4E-4894-B001-FEE97081A4BD}.Debug|Any CPU.Build.0 = Debug|Any CPU
		{4DC9F068-6F4E-4894-B001-FEE97081A4BD}.Release|Any CPU.ActiveCfg = Release|Any CPU
		{4DC9F068-6F4E-4894-B001-FEE97081A4BD}.Release|Any CPU.Build.0 = Release|Any CPU
		{E37B4F22-A9E0-4FE5-8B2B-AA172682ED5A}.Debug|Any CPU.ActiveCfg = Debug|Any CPU
		{E37B4F22-A9E0-4FE5-8B2B-AA172682ED5A}.Debug|Any CPU.Build.0 = Debug|Any CPU
		{E37B4F22-A9E0-4FE5-8B2B-AA172682ED5A}.Release|Any CPU.ActiveCfg = Release|Any CPU
		{E37B4F22-A9E0-4FE5-8B2B-AA172682ED5A}.Release|Any CPU.Build.0 = Release|Any CPU
		{179CD7F0-92B8-474D-AB93-A2781AAFF034}.Debug|Any CPU.ActiveCfg = Debug|Any CPU
		{179CD7F0-92B8-474D-AB93-A2781AAFF034}.Debug|Any CPU.Build.0 = Debug|Any CPU
		{179CD7F0-92B8-474D-AB93-A2781AAFF034}.Release|Any CPU.ActiveCfg = Release|Any CPU
		{179CD7F0-92B8-474D-AB93-A2781AAFF034}.Release|Any CPU.Build.0 = Release|Any CPU
		{CC5654CB-18C7-4B80-B1DB-758D115FFC97}.Debug|Any CPU.ActiveCfg = Debug|Any CPU
		{CC5654CB-18C7-4B80-B1DB-758D115FFC97}.Debug|Any CPU.Build.0 = Debug|Any CPU
		{CC5654CB-18C7-4B80-B1DB-758D115FFC97}.Release|Any CPU.ActiveCfg = Release|Any CPU
		{CC5654CB-18C7-4B80-B1DB-758D115FFC97}.Release|Any CPU.Build.0 = Release|Any CPU
		{3C10A78D-B4E9-4CCC-B76E-02951600BE98}.Debug|Any CPU.ActiveCfg = Debug|Any CPU
		{3C10A78D-B4E9-4CCC-B76E-02951600BE98}.Debug|Any CPU.Build.0 = Debug|Any CPU
		{3C10A78D-B4E9-4CCC-B76E-02951600BE98}.Release|Any CPU.ActiveCfg = Release|Any CPU
		{3C10A78D-B4E9-4CCC-B76E-02951600BE98}.Release|Any CPU.Build.0 = Release|Any CPU
		{96A4FCDC-68E9-4E95-A556-FF376A457B9F}.Debug|Any CPU.ActiveCfg = Debug|Any CPU
		{96A4FCDC-68E9-4E95-A556-FF376A457B9F}.Debug|Any CPU.Build.0 = Debug|Any CPU
		{96A4FCDC-68E9-4E95-A556-FF376A457B9F}.Release|Any CPU.ActiveCfg = Release|Any CPU
		{96A4FCDC-68E9-4E95-A556-FF376A457B9F}.Release|Any CPU.Build.0 = Release|Any CPU
		{972DAB42-1513-4EB6-B889-A1F7A28A6E77}.Debug|Any CPU.ActiveCfg = Debug|Any CPU
		{972DAB42-1513-4EB6-B889-A1F7A28A6E77}.Debug|Any CPU.Build.0 = Debug|Any CPU
		{972DAB42-1513-4EB6-B889-A1F7A28A6E77}.Release|Any CPU.ActiveCfg = Release|Any CPU
		{972DAB42-1513-4EB6-B889-A1F7A28A6E77}.Release|Any CPU.Build.0 = Release|Any CPU
		{79F966F2-8B26-4697-AB75-C373981A096B}.Debug|Any CPU.ActiveCfg = Debug|Any CPU
		{79F966F2-8B26-4697-AB75-C373981A096B}.Debug|Any CPU.Build.0 = Debug|Any CPU
		{79F966F2-8B26-4697-AB75-C373981A096B}.Release|Any CPU.ActiveCfg = Release|Any CPU
		{79F966F2-8B26-4697-AB75-C373981A096B}.Release|Any CPU.Build.0 = Release|Any CPU
		{9F993BC5-0DD7-4203-8252-C07FB8413F90}.Debug|Any CPU.ActiveCfg = Debug|Any CPU
		{9F993BC5-0DD7-4203-8252-C07FB8413F90}.Debug|Any CPU.Build.0 = Debug|Any CPU
		{9F993BC5-0DD7-4203-8252-C07FB8413F90}.Release|Any CPU.ActiveCfg = Release|Any CPU
		{9F993BC5-0DD7-4203-8252-C07FB8413F90}.Release|Any CPU.Build.0 = Release|Any CPU
		{5D943711-D711-41C8-9915-EF0D80654E1D}.Debug|Any CPU.ActiveCfg = Debug|Any CPU
		{5D943711-D711-41C8-9915-EF0D80654E1D}.Debug|Any CPU.Build.0 = Debug|Any CPU
		{5D943711-D711-41C8-9915-EF0D80654E1D}.Release|Any CPU.ActiveCfg = Release|Any CPU
		{5D943711-D711-41C8-9915-EF0D80654E1D}.Release|Any CPU.Build.0 = Release|Any CPU
		{1F61FDC6-CD25-45AC-854D-2BAFECCD28F9}.Debug|Any CPU.ActiveCfg = Debug|Any CPU
		{1F61FDC6-CD25-45AC-854D-2BAFECCD28F9}.Debug|Any CPU.Build.0 = Debug|Any CPU
		{1F61FDC6-CD25-45AC-854D-2BAFECCD28F9}.Release|Any CPU.ActiveCfg = Release|Any CPU
		{1F61FDC6-CD25-45AC-854D-2BAFECCD28F9}.Release|Any CPU.Build.0 = Release|Any CPU
	EndGlobalSection
	GlobalSection(SolutionProperties) = preSolution
		HideSolutionNode = FALSE
	EndGlobalSection
	GlobalSection(NestedProjects) = preSolution
		{77252606-C04E-4485-8A50-02FFC8B4E04D} = {E2462A35-04BF-4101-879C-D83FFEE13A5C}
		{97C730CD-7D68-4275-8871-7D4F15C5DBF6} = {E773D5A9-1419-4A03-BBF8-B3B8EAD9403E}
		{4F7DFBEB-7B84-43B4-B5E7-94B575996ACB} = {2F906F88-D2C8-4991-A45E-57F6CC8E3B9E}
		{2D3057B1-1990-44B1-B3AA-6C02D4D65E81} = {2F906F88-D2C8-4991-A45E-57F6CC8E3B9E}
		{5507D4C4-03BB-460F-B523-E7B5D091E5C8} = {26019CF3-897B-4404-A6FB-F93B4ECD5D83}
		{DBD85162-E737-40BC-8416-0B4EA12C393A} = {26019CF3-897B-4404-A6FB-F93B4ECD5D83}
		{4DC9F068-6F4E-4894-B001-FEE97081A4BD} = {97407630-97AF-4294-B69E-8B30ACBAE636}
		{E37B4F22-A9E0-4FE5-8B2B-AA172682ED5A} = {97407630-97AF-4294-B69E-8B30ACBAE636}
		{179CD7F0-92B8-474D-AB93-A2781AAFF034} = {829CC49C-741B-44E9-80BF-9105FED7490E}
		{CC5654CB-18C7-4B80-B1DB-758D115FFC97} = {E2462A35-04BF-4101-879C-D83FFEE13A5C}
		{3C10A78D-B4E9-4CCC-B76E-02951600BE98} = {E2462A35-04BF-4101-879C-D83FFEE13A5C}
		{96A4FCDC-68E9-4E95-A556-FF376A457B9F} = {E2462A35-04BF-4101-879C-D83FFEE13A5C}
		{972DAB42-1513-4EB6-B889-A1F7A28A6E77} = {E2462A35-04BF-4101-879C-D83FFEE13A5C}
		{79F966F2-8B26-4697-AB75-C373981A096B} = {829CC49C-741B-44E9-80BF-9105FED7490E}
		{9F993BC5-0DD7-4203-8252-C07FB8413F90} = {77252606-C04E-4485-8A50-02FFC8B4E04D}
		{5D943711-D711-41C8-9915-EF0D80654E1D} = {77252606-C04E-4485-8A50-02FFC8B4E04D}
		{1F61FDC6-CD25-45AC-854D-2BAFECCD28F9} = {77252606-C04E-4485-8A50-02FFC8B4E04D}
	EndGlobalSection
	GlobalSection(ExtensibilityGlobals) = postSolution
		SolutionGuid = {0A2B55DF-E751-4952-84BC-C3D8D2CAA2C7}
	EndGlobalSection
EndGlobal
